
Microsoft Visual Studio Solution File, Format Version 12.00
# Visual Studio Version 16
VisualStudioVersion = 16.0.30711.63
MinimumVisualStudioVersion = 10.0.40219.1
Project("{FAE04EC0-301F-11D3-BF4B-00C04F79EFBC}") = "倒计时", "倒计时.csproj", "{48FC1990-6C27-4A04-A9E7-FDFC8D106D5D}"
EndProject
Global
	GlobalSection(SolutionConfigurationPlatforms) = preSolution
		Debug|Any CPU = Debug|Any CPU
		Release|Any CPU = Release|Any CPU
	EndGlobalSection
	GlobalSection(ProjectConfigurationPlatforms) = postSolution
		{48FC1990-6C27-4A04-A9E7-FDFC8D106D5D}.Debug|Any CPU.ActiveCfg = Debug|Any CPU
		{48FC1990-6C27-4A04-A9E7-FDFC8D106D5D}.Debug|Any CPU.Build.0 = Debug|Any CPU
		{48FC1990-6C27-4A04-A9E7-FDFC8D106D5D}.Release|Any CPU.ActiveCfg = Release|Any CPU
		{48FC1990-6C27-4A04-A9E7-FDFC8D106D5D}.Release|Any CPU.Build.0 = Release|Any CPU
	EndGlobalSection
	GlobalSection(SolutionProperties) = preSolution
		HideSolutionNode = FALSE
	EndGlobalSection
	GlobalSection(ExtensibilityGlobals) = postSolution
		SolutionGuid = {BEA30CC6-A244-447B-8BE6-5FFDAB0480C5}
	EndGlobalSection
EndGlobal
